
Microsoft Visual Studio Solution File, Format Version 12.00
# Visual Studio Version 16
VisualStudioVersion = 16.0.29009.5
MinimumVisualStudioVersion = 10.0.40219.1
Project("{888888A0-9F3D-457C-B088-3A5042F75D52}") = "hashingex", "hashingex.pyproj", "{57051B46-C206-4BE6-A8F2-623E4F9333B5}"
EndProject
Global
	GlobalSection(SolutionConfigurationPlatforms) = preSolution
		Debug|Any CPU = Debug|Any CPU
		Release|Any CPU = Release|Any CPU
	EndGlobalSection
	GlobalSection(ProjectConfigurationPlatforms) = postSolution
		{57051B46-C206-4BE6-A8F2-623E4F9333B5}.Debug|Any CPU.ActiveCfg = Debug|Any CPU
		{57051B46-C206-4BE6-A8F2-623E4F9333B5}.Release|Any CPU.ActiveCfg = Release|Any CPU
	EndGlobalSection
	GlobalSection(SolutionProperties) = preSolution
		HideSolutionNode = FALSE
	EndGlobalSection
	GlobalSection(ExtensibilityGlobals) = postSolution
		SolutionGuid = {735E9EDE-4AA6-4F16-B8ED-2142482BE2A5}
	EndGlobalSection
EndGlobal
